# This file is autogenerated, do not edit; changes may be undone by the next 'dep ensure'.


[[projects]]
  digest = "1:9ff22c26414baf7deaf74f2a788fe7b97666048bcbe346c52cfe823442abbdfb"
  name = "github.com/lib/pq"
  packages = [
    ".",
    "oid",
    "scram",
  ]
  pruneopts = "UT"
  revision = "99274577be97ac9b1d95a2d61d566dc9b7cc6a54"
  version = "v1.3.0"

[[projects]]
  branch = "master"
  digest = "1:a4bb6fc39343ec4fafcf0e4583c34961e3a0e8f3f848900528714336c747069b"
  name = "github.com/mushahiroyuki/gowebprog"
  packages = ["ch02/chitchat/data"]
  pruneopts = "UT"
  revision = "442cd81a75ddbcda3f196e3a497156c862b8f540"

[solve-meta]
  analyzer-name = "dep"
  analyzer-version = 1
  input-imports = [
    "github.com/lib/pq",
    "github.com/mushahiroyuki/gowebprog/ch02/chitchat/data",
  ]
  solver-name = "gps-cdcl"
  solver-version = 1
